github.com/disiqueira/gotree/v3 v3.0.2 h1:ik5iuLQQoufZBNPY518dXhiO5056hyNBIK9lWhkNRq8=
github.com/disiqueira/gotree/v3 v3.0.2/go.mod h1:ZuyjE4+mUQZlbpkI24AmruZKhg3VHEgPLDY8Qk+uUu8=
github.com/n2code/ndocid v1.0.1 h1:an9vj2swOo6f6rtQdt9ysJ09fxrh6ViVhpF7b5abmbY=
github.com/n2code/ndocid v1.0.1/go.mod h1:awSOReW9vl5bUP8vgAgn4u18MVDJ5zGa0K9pLMsA83U=
